
Microsoft Visual Studio Solution File, Format Version 12.00
# Visual Studio Version 17
VisualStudioVersion = 17.9.34616.47
MinimumVisualStudioVersion = 10.0.40219.1
Project("{FAE04EC0-301F-11D3-BF4B-00C04F79EFBC}") = "L01P02_2021_CC_650", "L01P02_2021_CC_650\L01P02_2021_CC_650.csproj", "{9DF227BD-6C41-455C-97B3-B974C4076C6D}"
EndProject
Global
	GlobalSection(SolutionConfigurationPlatforms) = preSolution
		Debug|Any CPU = Debug|Any CPU
		Release|Any CPU = Release|Any CPU
	EndGlobalSection
	GlobalSection(ProjectConfigurationPlatforms) = postSolution
		{9DF227BD-6C41-455C-97B3-B974C4076C6D}.Debug|Any CPU.ActiveCfg = Debug|Any CPU
		{9DF227BD-6C41-455C-97B3-B974C4076C6D}.Debug|Any CPU.Build.0 = Debug|Any CPU
		{9DF227BD-6C41-455C-97B3-B974C4076C6D}.Release|Any CPU.ActiveCfg = Release|Any CPU
		{9DF227BD-6C41-455C-97B3-B974C4076C6D}.Release|Any CPU.Build.0 = Release|Any CPU
	EndGlobalSection
	GlobalSection(SolutionProperties) = preSolution
		HideSolutionNode = FALSE
	EndGlobalSection
	GlobalSection(ExtensibilityGlobals) = postSolution
		SolutionGuid = {FA1D04F1-D2EF-4AD2-80CC-02191AF8EFA0}
	EndGlobalSection
EndGlobal
